
Microsoft Visual Studio Solution File, Format Version 12.00
# Visual Studio Version 16
VisualStudioVersion = 16.0.29806.167
MinimumVisualStudioVersion = 10.0.40219.1
Project("{8BC9CEB8-8B4A-11D0-8D11-00A0C91BC942}") = "Project1", "Project1.vcxproj", "{C345F2E5-FB27-457A-ABCE-D57D320057BF}"
EndProject
Global
	GlobalSection(SolutionConfigurationPlatforms) = preSolution
		Debug|x64 = Debug|x64
		Debug|x86 = Debug|x86
		Release|x64 = Release|x64
		Release|x86 = Release|x86
	EndGlobalSection
	GlobalSection(ProjectConfigurationPlatforms) = postSolution
		{C345F2E5-FB27-457A-ABCE-D57D320057BF}.Debug|x64.ActiveCfg = Debug|x64
		{C345F2E5-FB27-457A-ABCE-D57D320057BF}.Debug|x64.Build.0 = Debug|x64
		{C345F2E5-FB27-457A-ABCE-D57D320057BF}.Debug|x86.ActiveCfg = Debug|Win32
		{C345F2E5-FB27-457A-ABCE-D57D320057BF}.Debug|x86.Build.0 = Debug|Win32
		{C345F2E5-FB27-457A-ABCE-D57D320057BF}.Release|x64.ActiveCfg = Release|x64
		{C345F2E5-FB27-457A-ABCE-D57D320057BF}.Release|x64.Build.0 = Release|x64
		{C345F2E5-FB27-457A-ABCE-D57D320057BF}.Release|x86.ActiveCfg = Release|Win32
		{C345F2E5-FB27-457A-ABCE-D57D320057BF}.Release|x86.Build.0 = Release|Win32
	EndGlobalSection
	GlobalSection(SolutionProperties) = preSolution
		HideSolutionNode = FALSE
	EndGlobalSection
	GlobalSection(ExtensibilityGlobals) = postSolution
		SolutionGuid = {741E89B3-36D8-4156-9391-BD9185948945}
	EndGlobalSection
EndGlobal
